
Microsoft Visual Studio Solution File, Format Version 12.00
# Visual Studio 14
VisualStudioVersion = 14.0.23107.0
MinimumVisualStudioVersion = 10.0.40219.1
Project("{FAE04EC0-301F-11D3-BF4B-00C04F79EFBC}") = "ProductsShop.Models", "ProductShop.Models\ProductsShop.Models.csproj", "{D966868E-C2DB-4278-8ECD-89615453F406}"
EndProject
Project("{FAE04EC0-301F-11D3-BF4B-00C04F79EFBC}") = "ProductsShop.Data", "ProductsShop.Data\ProductsShop.Data.csproj", "{F114CEB7-E092-4E3D-B4D8-AC1D820D1CE5}"
EndProject
Project("{FAE04EC0-301F-11D3-BF4B-00C04F79EFBC}") = "ProductsShop.ConsoleClient", "ProductsShop.ConsoleClient\ProductsShop.ConsoleClient.csproj", "{B4FA52D6-FE49-4A0B-893B-F2B065ABBAE1}"
EndProject
Global
	GlobalSection(SolutionConfigurationPlatforms) = preSolution
		Debug|Any CPU = Debug|Any CPU
		Release|Any CPU = Release|Any CPU
	EndGlobalSection
	GlobalSection(ProjectConfigurationPlatforms) = postSolution
		{D966868E-C2DB-4278-8ECD-89615453F406}.Debug|Any CPU.ActiveCfg = Debug|Any CPU
		{D966868E-C2DB-4278-8ECD-89615453F406}.Debug|Any CPU.Build.0 = Debug|Any CPU
		{D966868E-C2DB-4278-8ECD-89615453F406}.Release|Any CPU.ActiveCfg = Release|Any CPU
		{D966868E-C2DB-4278-8ECD-89615453F406}.Release|Any CPU.Build.0 = Release|Any CPU
		{F114CEB7-E092-4E3D-B4D8-AC1D820D1CE5}.Debug|Any CPU.ActiveCfg = Debug|Any CPU
		{F114CEB7-E092-4E3D-B4D8-AC1D820D1CE5}.Debug|Any CPU.Build.0 = Debug|Any CPU
		{F114CEB7-E092-4E3D-B4D8-AC1D820D1CE5}.Release|Any CPU.ActiveCfg = Release|Any CPU
		{F114CEB7-E092-4E3D-B4D8-AC1D820D1CE5}.Release|Any CPU.Build.0 = Release|Any CPU
		{B4FA52D6-FE49-4A0B-893B-F2B065ABBAE1}.Debug|Any CPU.ActiveCfg = Debug|Any CPU
		{B4FA52D6-FE49-4A0B-893B-F2B065ABBAE1}.Debug|Any CPU.Build.0 = Debug|Any CPU
		{B4FA52D6-FE49-4A0B-893B-F2B065ABBAE1}.Release|Any CPU.ActiveCfg = Release|Any CPU
		{B4FA52D6-FE49-4A0B-893B-F2B065ABBAE1}.Release|Any CPU.Build.0 = Release|Any CPU
	EndGlobalSection
	GlobalSection(SolutionProperties) = preSolution
		HideSolutionNode = FALSE
	EndGlobalSection
EndGlobal
