
Microsoft Visual Studio Solution File, Format Version 12.00
# Visual Studio 14
VisualStudioVersion = 14.0.23107.0
MinimumVisualStudioVersion = 10.0.40219.1
Project("{FAE04EC0-301F-11D3-BF4B-00C04F79EFBC}") = "OnlineShop.Models", "OnlineShop.Models\OnlineShop.Models.csproj", "{BF075BFC-4A22-4DF8-9A8B-97E3C0F9FC5A}"
EndProject
Project("{FAE04EC0-301F-11D3-BF4B-00C04F79EFBC}") = "OnlineShop.Data", "OnlineShop.Data\OnlineShop.Data.csproj", "{6F3E0810-A389-4451-A42D-8A3305806F19}"
EndProject
Project("{FAE04EC0-301F-11D3-BF4B-00C04F79EFBC}") = "OnlineShop.Services", "OnlineShop.Services\OnlineShop.Services.csproj", "{C64CBB2A-AEFF-4661-A56B-3CACCA9BACB0}"
EndProject
Global
	GlobalSection(SolutionConfigurationPlatforms) = preSolution
		Debug|Any CPU = Debug|Any CPU
		Release|Any CPU = Release|Any CPU
	EndGlobalSection
	GlobalSection(ProjectConfigurationPlatforms) = postSolution
		{BF075BFC-4A22-4DF8-9A8B-97E3C0F9FC5A}.Debug|Any CPU.ActiveCfg = Debug|Any CPU
		{BF075BFC-4A22-4DF8-9A8B-97E3C0F9FC5A}.Debug|Any CPU.Build.0 = Debug|Any CPU
		{BF075BFC-4A22-4DF8-9A8B-97E3C0F9FC5A}.Release|Any CPU.ActiveCfg = Release|Any CPU
		{BF075BFC-4A22-4DF8-9A8B-97E3C0F9FC5A}.Release|Any CPU.Build.0 = Release|Any CPU
		{6F3E0810-A389-4451-A42D-8A3305806F19}.Debug|Any CPU.ActiveCfg = Debug|Any CPU
		{6F3E0810-A389-4451-A42D-8A3305806F19}.Debug|Any CPU.Build.0 = Debug|Any CPU
		{6F3E0810-A389-4451-A42D-8A3305806F19}.Release|Any CPU.ActiveCfg = Release|Any CPU
		{6F3E0810-A389-4451-A42D-8A3305806F19}.Release|Any CPU.Build.0 = Release|Any CPU
		{C64CBB2A-AEFF-4661-A56B-3CACCA9BACB0}.Debug|Any CPU.ActiveCfg = Debug|Any CPU
		{C64CBB2A-AEFF-4661-A56B-3CACCA9BACB0}.Debug|Any CPU.Build.0 = Debug|Any CPU
		{C64CBB2A-AEFF-4661-A56B-3CACCA9BACB0}.Release|Any CPU.ActiveCfg = Release|Any CPU
		{C64CBB2A-AEFF-4661-A56B-3CACCA9BACB0}.Release|Any CPU.Build.0 = Release|Any CPU
	EndGlobalSection
	GlobalSection(SolutionProperties) = preSolution
		HideSolutionNode = FALSE
	EndGlobalSection
EndGlobal
